
Microsoft Visual Studio Solution File, Format Version 12.00
# Visual Studio Version 17
VisualStudioVersion = 17.14.36109.1 d17.14
MinimumVisualStudioVersion = 10.0.40219.1
Project("{FAE04EC0-301F-11D3-BF4B-00C04F79EFBC}") = "eldredapi", "eldredapi\eldredapi.csproj", "{46BB3A0B-766D-412C-B299-AE0BF466106A}"
EndProject
Global
	GlobalSection(SolutionConfigurationPlatforms) = preSolution
		Debug|Any CPU = Debug|Any CPU
		Release|Any CPU = Release|Any CPU
	EndGlobalSection
	GlobalSection(ProjectConfigurationPlatforms) = postSolution
		{46BB3A0B-766D-412C-B299-AE0BF466106A}.Debug|Any CPU.ActiveCfg = Debug|Any CPU
		{46BB3A0B-766D-412C-B299-AE0BF466106A}.Debug|Any CPU.Build.0 = Debug|Any CPU
		{46BB3A0B-766D-412C-B299-AE0BF466106A}.Release|Any CPU.ActiveCfg = Release|Any CPU
		{46BB3A0B-766D-412C-B299-AE0BF466106A}.Release|Any CPU.Build.0 = Release|Any CPU
	EndGlobalSection
	GlobalSection(SolutionProperties) = preSolution
		HideSolutionNode = FALSE
	EndGlobalSection
	GlobalSection(ExtensibilityGlobals) = postSolution
		SolutionGuid = {BE97EC1C-75F5-413E-BC5A-3F7888F831DC}
	EndGlobalSection
EndGlobal
